// !$*UTF8*$!
{
	archiveVersion = 1;
	classes = {
	};
	objectVersion = 46;
	objects = {

/* Begin PBXBuildFile section */
		30093C7D1C48D10900B7EEED /* HXWebViewController.m in Sources */ = {isa = PBXBuildFile; fileRef = 30093C7C1C48D10900B7EEED /* HXWebViewController.m */; };
		30093C831C48DFF900B7EEED /* xiaoguo.gif in Resources */ = {isa = PBXBuildFile; fileRef = 30093C821C48DFF900B7EEED /* xiaoguo.gif */; };
		301FDD531C52262F00E5578B /* canshu.png in Resources */ = {isa = PBXBuildFile; fileRef = 301FDD521C52262F00E5578B /* canshu.png */; };
		302D3B6D1CBF6F6F00C13621 /* HXTagButton.m in Sources */ = {isa = PBXBuildFile; fileRef = 302D3B6C1CBF6F6F00C13621 /* HXTagButton.m */; };
		30D2F7231CC76D7D007D766B /* danhanggundongxiaoguo.gif in Resources */ = {isa = PBXBuildFile; fileRef = 30D2F71D1CC76D7D007D766B /* danhanggundongxiaoguo.gif */; };
		30D2F7241CC76D7D007D766B /* danhangbugundongxiaoguo.gif in Resources */ = {isa = PBXBuildFile; fileRef = 30D2F71E1CC76D7D007D766B /* danhangbugundongxiaoguo.gif */; };
		30D2F7251CC76D7D007D766B /* duohangpingpudan1xiaoguo.gif in Resources */ = {isa = PBXBuildFile; fileRef = 30D2F71F1CC76D7D007D766B /* duohangpingpudan1xiaoguo.gif */; };
		30D2F7261CC76D7D007D766B /* duohangpingpudanxiaoguo.gif in Resources */ = {isa = PBXBuildFile; fileRef = 30D2F7201CC76D7D007D766B /* duohangpingpudanxiaoguo.gif */; };
		30D2F7271CC76D7D007D766B /* duohanggundongxiaoguo.gif in Resources */ = {isa = PBXBuildFile; fileRef = 30D2F7211CC76D7D007D766B /* duohanggundongxiaoguo.gif */; };
		30D2F7281CC76D7D007D766B /* duohangpingpuxiaoguo.gif in Resources */ = {isa = PBXBuildFile; fileRef = 30D2F7221CC76D7D007D766B /* duohangpingpuxiaoguo.gif */; };
		30E706201C476F5200F12FD1 /* main.m in Sources */ = {isa = PBXBuildFile; fileRef = 30E7061F1C476F5200F12FD1 /* main.m */; };
		30E706231C476F5200F12FD1 /* AppDelegate.m in Sources */ = {isa = PBXBuildFile; fileRef = 30E706221C476F5200F12FD1 /* AppDelegate.m */; };
		30E706261C476F5200F12FD1 /* HXViewController.m in Sources */ = {isa = PBXBuildFile; fileRef = 30E706251C476F5200F12FD1 /* HXViewController.m */; };
		30E7062B1C476F5200F12FD1 /* Assets.xcassets in Resources */ = {isa = PBXBuildFile; fileRef = 30E7062A1C476F5200F12FD1 /* Assets.xcassets */; };
		30E706381C47751900F12FD1 /* HXTagsView.m in Sources */ = {isa = PBXBuildFile; fileRef = 30E706371C47751900F12FD1 /* HXTagsView.m */; };
		9CB522291D20D50E0047DD2B /* HXTagAttribute.m in Sources */ = {isa = PBXBuildFile; fileRef = 9CB522281D20D50E0047DD2B /* HXTagAttribute.m */; };
/* End PBXBuildFile section */

/* Begin PBXFileReference section */
		30093C7B1C48D10900B7EEED /* HXWebViewController.h */ = {isa = PBXFileReference; fileEncoding = 4; lastKnownFileType = sourcecode.c.h; path = HXWebViewController.h; sourceTree = "<group>"; };
		30093C7C1C48D10900B7EEED /* HXWebViewController.m */ = {isa = PBXFileReference; fileEncoding = 4; lastKnownFileType = sourcecode.c.objc; path = HXWebViewController.m; sourceTree = "<group>"; };
		30093C821C48DFF900B7EEED /* xiaoguo.gif */ = {isa = PBXFileReference; lastKnownFileType = image.gif; path = xiaoguo.gif; sourceTree = "<group>"; };
		301FDD521C52262F00E5578B /* canshu.png */ = {isa = PBXFileReference; lastKnownFileType = image.png; path = canshu.png; sourceTree = "<group>"; };
		302D3B6B1CBF6F6F00C13621 /* HXTagButton.h */ = {isa = PBXFileReference; fileEncoding = 4; lastKnownFileType = sourcecode.c.h; path = HXTagButton.h; sourceTree = "<group>"; };
		302D3B6C1CBF6F6F00C13621 /* HXTagButton.m */ = {isa = PBXFileReference; fileEncoding = 4; lastKnownFileType = sourcecode.c.objc; path = HXTagButton.m; sourceTree = "<group>"; };
		30D2F71D1CC76D7D007D766B /* danhanggundongxiaoguo.gif */ = {isa = PBXFileReference; lastKnownFileType = image.gif; path = danhanggundongxiaoguo.gif; sourceTree = "<group>"; };
		30D2F71E1CC76D7D007D766B /* danhangbugundongxiaoguo.gif */ = {isa = PBXFileReference; lastKnownFileType = image.gif; path = danhangbugundongxiaoguo.gif; sourceTree = "<group>"; };
		30D2F71F1CC76D7D007D766B /* duohangpingpudan1xiaoguo.gif */ = {isa = PBXFileReference; lastKnownFileType = image.gif; path = duohangpingpudan1xiaoguo.gif; sourceTree = "<group>"; };
		30D2F7201CC76D7D007D766B /* duohangpingpudanxiaoguo.gif */ = {isa = PBXFileReference; lastKnownFileType = image.gif; path = duohangpingpudanxiaoguo.gif; sourceTree = "<group>"; };
		30D2F7211CC76D7D007D766B /* duohanggundongxiaoguo.gif */ = {isa = PBXFileReference; lastKnownFileType = image.gif; path = duohanggundongxiaoguo.gif; sourceTree = "<group>"; };
		30D2F7221CC76D7D007D766B /* duohangpingpuxiaoguo.gif */ = {isa = PBXFileReference; lastKnownFileType = image.gif; path = duohangpingpuxiaoguo.gif; sourceTree = "<group>"; };
		30E7061B1C476F5100F12FD1 /* HXTagsView.app */ = {isa = PBXFileReference; explicitFileType = wrapper.application; includeInIndex = 0; path = HXTagsView.app; sourceTree = BUILT_PRODUCTS_DIR; };
		30E7061F1C476F5200F12FD1 /* main.m */ = {isa = PBXFileReference; lastKnownFileType = sourcecode.c.objc; path = main.m; sourceTree = "<group>"; };
		30E706211C476F5200F12FD1 /* AppDelegate.h */ = {isa = PBXFileReference; lastKnownFileType = sourcecode.c.h; path = AppDelegate.h; sourceTree = "<group>"; };
		30E706221C476F5200F12FD1 /* AppDelegate.m */ = {isa = PBXFileReference; lastKnownFileType = sourcecode.c.objc; path = AppDelegate.m; sourceTree = "<group>"; };
		30E706241C476F5200F12FD1 /* HXViewController.h */ = {isa = PBXFileReference; lastKnownFileType = sourcecode.c.h; path = HXViewController.h; sourceTree = "<group>"; };
		30E706251C476F5200F12FD1 /* HXViewController.m */ = {isa = PBXFileReference; lastKnownFileType = sourcecode.c.objc; path = HXViewController.m; sourceTree = "<group>"; };
		30E7062A1C476F5200F12FD1 /* Assets.xcassets */ = {isa = PBXFileReference; lastKnownFileType = folder.assetcatalog; path = Assets.xcassets; sourceTree = "<group>"; };
		30E7062F1C476F5200F12FD1 /* Info.plist */ = {isa = PBXFileReference; lastKnownFileType = text.plist.xml; path = Info.plist; sourceTree = "<group>"; };
		30E706361C47751900F12FD1 /* HXTagsView.h */ = {isa = PBXFileReference; fileEncoding = 4; lastKnownFileType = sourcecode.c.h; path = HXTagsView.h; sourceTree = "<group>"; };
		30E706371C47751900F12FD1 /* HXTagsView.m */ = {isa = PBXFileReference; fileEncoding = 4; lastKnownFileType = sourcecode.c.objc; path = HXTagsView.m; sourceTree = "<group>"; };
		9CB522271D20D50E0047DD2B /* HXTagAttribute.h */ = {isa = PBXFileReference; fileEncoding = 4; lastKnownFileType = sourcecode.c.h; path = HXTagAttribute.h; sourceTree = "<group>"; };
		9CB522281D20D50E0047DD2B /* HXTagAttribute.m */ = {isa = PBXFileReference; fileEncoding = 4; lastKnownFileType = sourcecode.c.objc; path = HXTagAttribute.m; sourceTree = "<group>"; };
/* End PBXFileReference section */

/* Begin PBXFrameworksBuildPhase section */
		30E706181C476F5100F12FD1 /* Frameworks */ = {
			isa = PBXFrameworksBuildPhase;
			buildActionMask = 2147483647;
			files = (
			);
			runOnlyForDeploymentPostprocessing = 0;
		};
/* End PBXFrameworksBuildPhase section */

/* Begin PBXGroup section */
		30D2F71C1CC76D6C007D766B /* 效果图 */ = {
			isa = PBXGroup;
			children = (
				30D2F71D1CC76D7D007D766B /* danhanggundongxiaoguo.gif */,
				30D2F71E1CC76D7D007D766B /* danhangbugundongxiaoguo.gif */,
				30D2F71F1CC76D7D007D766B /* duohangpingpudan1xiaoguo.gif */,
				30D2F7201CC76D7D007D766B /* duohangpingpudanxiaoguo.gif */,
				30D2F7211CC76D7D007D766B /* duohanggundongxiaoguo.gif */,
				30D2F7221CC76D7D007D766B /* duohangpingpuxiaoguo.gif */,
				301FDD521C52262F00E5578B /* canshu.png */,
				30093C821C48DFF900B7EEED /* xiaoguo.gif */,
			);
			name = "效果图";
			sourceTree = "<group>";
		};
		30E706121C476F5100F12FD1 = {
			isa = PBXGroup;
			children = (
				30E7061D1C476F5200F12FD1 /* HXTagsView */,
				30E7061C1C476F5100F12FD1 /* Products */,
			);
			sourceTree = "<group>";
		};
		30E7061C1C476F5100F12FD1 /* Products */ = {
			isa = PBXGroup;
			children = (
				30E7061B1C476F5100F12FD1 /* HXTagsView.app */,
			);
			name = Products;
			sourceTree = "<group>";
		};
		30E7061D1C476F5200F12FD1 /* HXTagsView */ = {
			isa = PBXGroup;
			children = (
				30D2F71C1CC76D6C007D766B /* 效果图 */,
				30E706351C47750F00F12FD1 /* 标签 */,
				30E706211C476F5200F12FD1 /* AppDelegate.h */,
				30E706221C476F5200F12FD1 /* AppDelegate.m */,
				30E706241C476F5200F12FD1 /* HXViewController.h */,
				30E706251C476F5200F12FD1 /* HXViewController.m */,
				30093C7B1C48D10900B7EEED /* HXWebViewController.h */,
				30093C7C1C48D10900B7EEED /* HXWebViewController.m */,
				30E7062A1C476F5200F12FD1 /* Assets.xcassets */,
				30E7062F1C476F5200F12FD1 /* Info.plist */,
				30E7061E1C476F5200F12FD1 /* Supporting Files */,
			);
			path = HXTagsView;
			sourceTree = "<group>";
		};
		30E7061E1C476F5200F12FD1 /* Supporting Files */ = {
			isa = PBXGroup;
			children = (
				30E7061F1C476F5200F12FD1 /* main.m */,
			);
			name = "Supporting Files";
			sourceTree = "<group>";
		};
		30E706351C47750F00F12FD1 /* 标签 */ = {
			isa = PBXGroup;
			children = (
				30E706361C47751900F12FD1 /* HXTagsView.h */,
				30E706371C47751900F12FD1 /* HXTagsView.m */,
				302D3B6B1CBF6F6F00C13621 /* HXTagButton.h */,
				302D3B6C1CBF6F6F00C13621 /* HXTagButton.m */,
				9CB522271D20D50E0047DD2B /* HXTagAttribute.h */,
				9CB522281D20D50E0047DD2B /* HXTagAttribute.m */,
			);
			path = "标签";
			sourceTree = "<group>";
		};
/* End PBXGroup section */

/* Begin PBXNativeTarget section */
		30E7061A1C476F5100F12FD1 /* HXTagsView */ = {
			isa = PBXNativeTarget;
			buildConfigurationList = 30E706321C476F5200F12FD1 /* Build configuration list for PBXNativeTarget "HXTagsView" */;
			buildPhases = (
				30E706171C476F5100F12FD1 /* Sources */,
				30E706181C476F5100F12FD1 /* Frameworks */,
				30E706191C476F5100F12FD1 /* Resources */,
			);
			buildRules = (
			);
			dependencies = (
			);
			name = HXTagsView;
			productName = HXTagsView;
			productReference = 30E7061B1C476F5100F12FD1 /* HXTagsView.app */;
			productType = "com.apple.product-type.application";
		};
/* End PBXNativeTarget section */

/* Begin PBXProject section */
		30E706131C476F5100F12FD1 /* Project object */ = {
			isa = PBXProject;
			attributes = {
				LastUpgradeCheck = 0720;
				ORGANIZATIONNAME = "IT小子";
				TargetAttributes = {
					30E7061A1C476F5100F12FD1 = {
						CreatedOnToolsVersion = 7.2;
					};
				};
			};
			buildConfigurationList = 30E706161C476F5100F12FD1 /* Build configuration list for PBXProject "HXTagsView" */;
			compatibilityVersion = "Xcode 3.2";
			developmentRegion = English;
			hasScannedForEncodings = 0;
			knownRegions = (
				en,
				Base,
			);
			mainGroup = 30E706121C476F5100F12FD1;
			productRefGroup = 30E7061C1C476F5100F12FD1 /* Products */;
			projectDirPath = "";
			projectRoot = "";
			targets = (
				30E7061A1C476F5100F12FD1 /* HXTagsView */,
			);
		};
/* End PBXProject section */

/* Begin PBXResourcesBuildPhase section */
		30E706191C476F5100F12FD1 /* Resources */ = {
			isa = PBXResourcesBuildPhase;
			buildActionMask = 2147483647;
			files = (
				30D2F7261CC76D7D007D766B /* duohangpingpudanxiaoguo.gif in Resources */,
				30D2F7271CC76D7D007D766B /* duohanggundongxiaoguo.gif in Resources */,
				30D2F7281CC76D7D007D766B /* duohangpingpuxiaoguo.gif in Resources */,
				30D2F7231CC76D7D007D766B /* danhanggundongxiaoguo.gif in Resources */,
				301FDD531C52262F00E5578B /* canshu.png in Resources */,
				30E7062B1C476F5200F12FD1 /* Assets.xcassets in Resources */,
				30093C831C48DFF900B7EEED /* xiaoguo.gif in Resources */,
				30D2F7241CC76D7D007D766B /* danhangbugundongxiaoguo.gif in Resources */,
				30D2F7251CC76D7D007D766B /* duohangpingpudan1xiaoguo.gif in Resources */,
			);
			runOnlyForDeploymentPostprocessing = 0;
		};
/* End PBXResourcesBuildPhase section */

/* Begin PBXSourcesBuildPhase section */
		30E706171C476F5100F12FD1 /* Sources */ = {
			isa = PBXSourcesBuildPhase;
			buildActionMask = 2147483647;
			files = (
				30E706261C476F5200F12FD1 /* HXViewController.m in Sources */,
				30093C7D1C48D10900B7EEED /* HXWebViewController.m in Sources */,
				302D3B6D1CBF6F6F00C13621 /* HXTagButton.m in Sources */,
				9CB522291D20D50E0047DD2B /* HXTagAttribute.m in Sources */,
				30E706231C476F5200F12FD1 /* AppDelegate.m in Sources */,
				30E706201C476F5200F12FD1 /* main.m in Sources */,
				30E706381C47751900F12FD1 /* HXTagsView.m in Sources */,
			);
			runOnlyForDeploymentPostprocessing = 0;
		};
/* End PBXSourcesBuildPhase section */

/* Begin XCBuildConfiguration section */
		30E706301C476F5200F12FD1 /* Debug */ = {
			isa = XCBuildConfiguration;
			buildSettings = {
				ALWAYS_SEARCH_USER_PATHS = NO;
				CLANG_CXX_LANGUAGE_STANDARD = "gnu++0x";
				CLANG_CXX_LIBRARY = "libc++";
				CLANG_ENABLE_MODULES = YES;
				CLANG_ENABLE_OBJC_ARC = YES;
				CLANG_WARN_BOOL_CONVERSION = YES;
				CLANG_WARN_CONSTANT_CONVERSION = YES;
				CLANG_WARN_DIRECT_OBJC_ISA_USAGE = YES_ERROR;
				CLANG_WARN_EMPTY_BODY = YES;
				CLANG_WARN_ENUM_CONVERSION = YES;
				CLANG_WARN_INT_CONVERSION = YES;
				CLANG_WARN_OBJC_ROOT_CLASS = YES_ERROR;
				CLANG_WARN_UNREACHABLE_CODE = YES;
				CLANG_WARN__DUPLICATE_METHOD_MATCH = YES;
				"CODE_SIGN_IDENTITY[sdk=iphoneos*]" = "iPhone Developer";
				COPY_PHASE_STRIP = NO;
				DEBUG_INFORMATION_FORMAT = dwarf;
				ENABLE_STRICT_OBJC_MSGSEND = YES;
				ENABLE_TESTABILITY = YES;
				GCC_C_LANGUAGE_STANDARD = gnu99;
				GCC_DYNAMIC_NO_PIC = NO;
				GCC_NO_COMMON_BLOCKS = YES;
				GCC_OPTIMIZATION_LEVEL = 0;
				GCC_PREPROCESSOR_DEFINITIONS = (
					"DEBUG=1",
					"$(inherited)",
				);
				GCC_WARN_64_TO_32_BIT_CONVERSION = YES;
				GCC_WARN_ABOUT_RETURN_TYPE = YES_ERROR;
				GCC_WARN_UNDECLARED_SELECTOR = YES;
				GCC_WARN_UNINITIALIZED_AUTOS = YES_AGGRESSIVE;
				GCC_WARN_UNUSED_FUNCTION = YES;
				GCC_WARN_UNUSED_VARIABLE = YES;
				IPHONEOS_DEPLOYMENT_TARGET = 9.2;
				MTL_ENABLE_DEBUG_INFO = YES;
				ONLY_ACTIVE_ARCH = YES;
				SDKROOT = iphoneos;
			};
			name = Debug;
		};
		30E706311C476F5200F12FD1 /* Release */ = {
			isa = XCBuildConfiguration;
			buildSettings = {
				ALWAYS_SEARCH_USER_PATHS = NO;
				CLANG_CXX_LANGUAGE_STANDARD = "gnu++0x";
				CLANG_CXX_LIBRARY = "libc++";
				CLANG_ENABLE_MODULES = YES;
				CLANG_ENABLE_OBJC_ARC = YES;
				CLANG_WARN_BOOL_CONVERSION = YES;
				CLANG_WARN_CONSTANT_CONVERSION = YES;
				CLANG_WARN_DIRECT_OBJC_ISA_USAGE = YES_ERROR;
				CLANG_WARN_EMPTY_BODY = YES;
				CLANG_WARN_ENUM_CONVERSION = YES;
				CLANG_WARN_INT_CONVERSION = YES;
				CLANG_WARN_OBJC_ROOT_CLASS = YES_ERROR;
				CLANG_WARN_UNREACHABLE_CODE = YES;
				CLANG_WARN__DUPLICATE_METHOD_MATCH = YES;
				"CODE_SIGN_IDENTITY[sdk=iphoneos*]" = "iPhone Developer";
				COPY_PHASE_STRIP = NO;
				DEBUG_INFORMATION_FORMAT = "dwarf-with-dsym";
				ENABLE_NS_ASSERTIONS = NO;
				ENABLE_STRICT_OBJC_MSGSEND = YES;
				GCC_C_LANGUAGE_STANDARD = gnu99;
				GCC_NO_COMMON_BLOCKS = YES;
				GCC_WARN_64_TO_32_BIT_CONVERSION = YES;
				GCC_WARN_ABOUT_RETURN_TYPE = YES_ERROR;
				GCC_WARN_UNDECLARED_SELECTOR = YES;
				GCC_WARN_UNINITIALIZED_AUTOS = YES_AGGRESSIVE;
				GCC_WARN_UNUSED_FUNCTION = YES;
				GCC_WARN_UNUSED_VARIABLE = YES;
				IPHONEOS_DEPLOYMENT_TARGET = 9.2;
				MTL_ENABLE_DEBUG_INFO = NO;
				SDKROOT = iphoneos;
				VALIDATE_PRODUCT = YES;
			};
			name = Release;
		};
		30E706331C476F5200F12FD1 /* Debug */ = {
			isa = XCBuildConfiguration;
			buildSettings = {
				ASSETCATALOG_COMPILER_APPICON_NAME = AppIcon;
				ASSETCATALOG_COMPILER_LAUNCHIMAGE_NAME = LaunchImage;
				INFOPLIST_FILE = HXTagsView/Info.plist;
				IPHONEOS_DEPLOYMENT_TARGET = 7.0;
				LD_RUNPATH_SEARCH_PATHS = "$(inherited) @executable_path/Frameworks";
				PRODUCT_BUNDLE_IDENTIFIER = blog.libuqing.com.HXTagsView;
				PRODUCT_NAME = "$(TARGET_NAME)";
			};
			name = Debug;
		};
		30E706341C476F5200F12FD1 /* Release */ = {
			isa = XCBuildConfiguration;
			buildSettings = {
				ASSETCATALOG_COMPILER_APPICON_NAME = AppIcon;
				ASSETCATALOG_COMPILER_LAUNCHIMAGE_NAME = LaunchImage;
				INFOPLIST_FILE = HXTagsView/Info.plist;
				IPHONEOS_DEPLOYMENT_TARGET = 7.0;
				LD_RUNPATH_SEARCH_PATHS = "$(inherited) @executable_path/Frameworks";
				PRODUCT_BUNDLE_IDENTIFIER = blog.libuqing.com.HXTagsView;
				PRODUCT_NAME = "$(TARGET_NAME)";
			};
			name = Release;
		};
/* End XCBuildConfiguration section */

/* Begin XCConfigurationList section */
		30E706161C476F5100F12FD1 /* Build configuration list for PBXProject "HXTagsView" */ = {
			isa = XCConfigurationList;
			buildConfigurations = (
				30E706301C476F5200F12FD1 /* Debug */,
				30E706311C476F5200F12FD1 /* Release */,
			);
			defaultConfigurationIsVisible = 0;
			defaultConfigurationName = Release;
		};
		30E706321C476F5200F12FD1 /* Build configuration list for PBXNativeTarget "HXTagsView" */ = {
			isa = XCConfigurationList;
			buildConfigurations = (
				30E706331C476F5200F12FD1 /* Debug */,
				30E706341C476F5200F12FD1 /* Release */,
			);
			defaultConfigurationIsVisible = 0;
			defaultConfigurationName = Release;
		};
/* End XCConfigurationList section */
	};
	rootObject = 30E706131C476F5100F12FD1 /* Project object */;
}
